
Microsoft Visual Studio Solution File, Format Version 12.00
# Visual Studio Version 17
VisualStudioVersion = 17.9.34728.123
MinimumVisualStudioVersion = 10.0.40219.1
Project("{FAE04EC0-301F-11D3-BF4B-00C04F79EFBC}") = "HRManagement", "HRManagement\HRManagement.csproj", "{2D50D2DF-9255-4276-BD9F-6C3158CA84C1}"
EndProject
Global
	GlobalSection(SolutionConfigurationPlatforms) = preSolution
		Debug|Any CPU = Debug|Any CPU
		Release|Any CPU = Release|Any CPU
	EndGlobalSection
	GlobalSection(ProjectConfigurationPlatforms) = postSolution
		{2D50D2DF-9255-4276-BD9F-6C3158CA84C1}.Debug|Any CPU.ActiveCfg = Debug|Any CPU
		{2D50D2DF-9255-4276-BD9F-6C3158CA84C1}.Debug|Any CPU.Build.0 = Debug|Any CPU
		{2D50D2DF-9255-4276-BD9F-6C3158CA84C1}.Release|Any CPU.ActiveCfg = Release|Any CPU
		{2D50D2DF-9255-4276-BD9F-6C3158CA84C1}.Release|Any CPU.Build.0 = Release|Any CPU
	EndGlobalSection
	GlobalSection(SolutionProperties) = preSolution
		HideSolutionNode = FALSE
	EndGlobalSection
	GlobalSection(ExtensibilityGlobals) = postSolution
		SolutionGuid = {D9A6C5EF-0CB5-4FC7-8DD5-469511E7C4D6}
	EndGlobalSection
EndGlobal
